
Microsoft Visual Studio Solution File, Format Version 12.00
# Visual Studio Version 16
VisualStudioVersion = 25.0.1705.0
MinimumVisualStudioVersion = 10.0.40219.1
Project("{FAE04EC0-301F-11D3-BF4B-00C04F79EFBC}") = "TUIO_DUMP", "TUIO_DUMP.csproj", "{BE55E6C1-6A4D-46AF-9479-3796A3D36A6F}"
EndProject
Global
	GlobalSection(SolutionConfigurationPlatforms) = preSolution
		Debug|Any CPU = Debug|Any CPU
		Release|Any CPU = Release|Any CPU
	EndGlobalSection
	GlobalSection(ProjectConfigurationPlatforms) = postSolution
		{BE55E6C1-6A4D-46AF-9479-3796A3D36A6F}.Debug|Any CPU.ActiveCfg = Debug|Any CPU
		{BE55E6C1-6A4D-46AF-9479-3796A3D36A6F}.Debug|Any CPU.Build.0 = Debug|Any CPU
		{BE55E6C1-6A4D-46AF-9479-3796A3D36A6F}.Release|Any CPU.ActiveCfg = Release|Any CPU
		{BE55E6C1-6A4D-46AF-9479-3796A3D36A6F}.Release|Any CPU.Build.0 = Release|Any CPU
	EndGlobalSection
	GlobalSection(SolutionProperties) = preSolution
		HideSolutionNode = FALSE
	EndGlobalSection
	GlobalSection(ExtensibilityGlobals) = postSolution
		SolutionGuid = {D3722662-A83C-4619-BB85-FB9140E3CE68}
	EndGlobalSection
EndGlobal
